puppeteer@^16.2.0:
  version "16.2.0"
  resolved "https://registry.yarnpkg.com/puppeteer/-/puppeteer-16.2.0.tgz#3fc9cc0c461d3166a98562a7dcd0bf3424a0523c"
  integrity sha512-7Au6iC98rS6WEAD110V4Bxd0iIbqoFtzz9XzkG1BSofidS1VAJ881E1+GFR7Xn2Yea0hbj8n0ErzRyseMp1Ctg==
  dependencies:
    cross-fetch "3.1.5"
    debug "4.3.4"
    devtools-protocol "0.0.1019158"
    extract-zip "2.0.1"
    https-proxy-agent "5.0.1"
    progress "2.0.3"
    proxy-from-env "1.1.0"
    rimraf "3.0.2"
    tar-fs "2.1.1"
    unbzip2-stream "1.4.3"
    ws "8.8.1"
